{
  "pins" : [
    {
      "identity" : "cosyncstorageswift",
      "kind" : "remoteSourceControl",
      "location" : "https://github.com/Cosync/CosyncStorageSwift.git",
      "state" : {
        "revision" : "191e5ea2e59c17293c3276d8b43a44f52242df99",
        "version" : "1.0.0"
      }
    },
    {
      "identity" : "realm-core",
      "kind" : "remoteSourceControl",
      "location" : "https://github.com/realm/realm-core",
      "state" : {
        "revision" : "fd48276f88f3d55dbdcdc9e8cbf32541811d5865",
        "version" : "12.1.0"
      }
    },
    {
      "identity" : "realm-swift",
      "kind" : "remoteSourceControl",
      "location" : "https://github.com/realm/realm-swift.git",
      "state" : {
        "revision" : "c54cc0bda9fb1aa94667022a46c3d079121476fc",
        "version" : "10.28.0"
      }
    }
  ],
  "version" : 2
}
