// !$*UTF8*$!
{
	archiveVersion = 1;
	classes = {
	};
	objectVersion = 55;
	objects = {

/* Begin PBXBuildFile section */
		08CA318127873166004E0A92 /* CosyncJWTSwift in Frameworks */ = {isa = PBXBuildFile; productRef = 08CA318027873166004E0A92 /* CosyncJWTSwift */; };
		08F58B65277A1C1000F987ED /* CosyncJWTiOSApp.swift in Sources */ = {isa = PBXBuildFile; fileRef = 08F58B64277A1C1000F987ED /* CosyncJWTiOSApp.swift */; };
		08F58B67277A1C1000F987ED /* ContentView.swift in Sources */ = {isa = PBXBuildFile; fileRef = 08F58B66277A1C1000F987ED /* ContentView.swift */; };
		08F58B69277A1C1300F987ED /* Assets.xcassets in Resources */ = {isa = PBXBuildFile; fileRef = 08F58B68277A1C1300F987ED /* Assets.xcassets */; };
		08F58B6C277A1C1300F987ED /* Preview Assets.xcassets in Resources */ = {isa = PBXBuildFile; fileRef = 08F58B6B277A1C1300F987ED /* Preview Assets.xcassets */; };
		08F58B75277A1D6800F987ED /* AlertExtension.swift in Sources */ = {isa = PBXBuildFile; fileRef = 08F58B73277A1D6700F987ED /* AlertExtension.swift */; };
		08F58B76277A1D6800F987ED /* StringExtension.swift in Sources */ = {isa = PBXBuildFile; fileRef = 08F58B74277A1D6700F987ED /* StringExtension.swift */; };
		08F58B78277A1E2200F987ED /* AppState.swift in Sources */ = {isa = PBXBuildFile; fileRef = 08F58B77277A1E2200F987ED /* AppState.swift */; };
		08F58B7A277A1E3400F987ED /* Constants.swift in Sources */ = {isa = PBXBuildFile; fileRef = 08F58B79277A1E3400F987ED /* Constants.swift */; };
		08F58B7C277A1E4900F987ED /* README.md in Resources */ = {isa = PBXBuildFile; fileRef = 08F58B7B277A1E4900F987ED /* README.md */; };
		08F58B81277A1E7B00F987ED /* LoggedInView.swift in Sources */ = {isa = PBXBuildFile; fileRef = 08F58B7D277A1E7B00F987ED /* LoggedInView.swift */; };
		08F58B82277A1E7B00F987ED /* LoggedOutView.swift in Sources */ = {isa = PBXBuildFile; fileRef = 08F58B7E277A1E7B00F987ED /* LoggedOutView.swift */; };
		08F58B83277A1E7B00F987ED /* PasswordView.swift in Sources */ = {isa = PBXBuildFile; fileRef = 08F58B7F277A1E7B00F987ED /* PasswordView.swift */; };
		08F58B84277A1E7B00F987ED /* LoginCompleteView.swift in Sources */ = {isa = PBXBuildFile; fileRef = 08F58B80277A1E7B00F987ED /* LoginCompleteView.swift */; };
		08F58B87277A1E8700F987ED /* UserManager.swift in Sources */ = {isa = PBXBuildFile; fileRef = 08F58B85277A1E8600F987ED /* UserManager.swift */; };
		08F58B88277A1E8700F987ED /* RealmManager.swift in Sources */ = {isa = PBXBuildFile; fileRef = 08F58B86277A1E8600F987ED /* RealmManager.swift */; };
		52208FF8292918F5007B1126 /* Realm in Frameworks */ = {isa = PBXBuildFile; productRef = 52208FF7292918F5007B1126 /* Realm */; };
		52208FFA292918F5007B1126 /* RealmSwift in Frameworks */ = {isa = PBXBuildFile; productRef = 52208FF9292918F5007B1126 /* RealmSwift */; };
/* End PBXBuildFile section */

/* Begin PBXFileReference section */
		08F58B61277A1C1000F987ED /* CosyncJWTiOS.app */ = {isa = PBXFileReference; explicitFileType = wrapper.application; includeInIndex = 0; path = CosyncJWTiOS.app; sourceTree = BUILT_PRODUCTS_DIR; };
		08F58B64277A1C1000F987ED /* CosyncJWTiOSApp.swift */ = {isa = PBXFileReference; lastKnownFileType = sourcecode.swift; path = CosyncJWTiOSApp.swift; sourceTree = "<group>"; };
		08F58B66277A1C1000F987ED /* ContentView.swift */ = {isa = PBXFileReference; lastKnownFileType = sourcecode.swift; path = ContentView.swift; sourceTree = "<group>"; };
		08F58B68277A1C1300F987ED /* Assets.xcassets */ = {isa = PBXFileReference; lastKnownFileType = folder.assetcatalog; path = Assets.xcassets; sourceTree = "<group>"; };
		08F58B6B277A1C1300F987ED /* Preview Assets.xcassets */ = {isa = PBXFileReference; lastKnownFileType = folder.assetcatalog; path = "Preview Assets.xcassets"; sourceTree = "<group>"; };
		08F58B73277A1D6700F987ED /* AlertExtension.swift */ = {isa = PBXFileReference; fileEncoding = 4; lastKnownFileType = sourcecode.swift; path = AlertExtension.swift; sourceTree = "<group>"; };
		08F58B74277A1D6700F987ED /* StringExtension.swift */ = {isa = PBXFileReference; fileEncoding = 4; lastKnownFileType = sourcecode.swift; path = StringExtension.swift; sourceTree = "<group>"; };
		08F58B77277A1E2200F987ED /* AppState.swift */ = {isa = PBXFileReference; fileEncoding = 4; lastKnownFileType = sourcecode.swift; path = AppState.swift; sourceTree = "<group>"; };
		08F58B79277A1E3400F987ED /* Constants.swift */ = {isa = PBXFileReference; fileEncoding = 4; lastKnownFileType = sourcecode.swift; path = Constants.swift; sourceTree = "<group>"; };
		08F58B7B277A1E4900F987ED /* README.md */ = {isa = PBXFileReference; fileEncoding = 4; lastKnownFileType = net.daringfireball.markdown; path = README.md; sourceTree = "<group>"; };
		08F58B7D277A1E7B00F987ED /* LoggedInView.swift */ = {isa = PBXFileReference; fileEncoding = 4; lastKnownFileType = sourcecode.swift; path = LoggedInView.swift; sourceTree = "<group>"; };
		08F58B7E277A1E7B00F987ED /* LoggedOutView.swift */ = {isa = PBXFileReference; fileEncoding = 4; lastKnownFileType = sourcecode.swift; path = LoggedOutView.swift; sourceTree = "<group>"; };
		08F58B7F277A1E7B00F987ED /* PasswordView.swift */ = {isa = PBXFileReference; fileEncoding = 4; lastKnownFileType = sourcecode.swift; path = PasswordView.swift; sourceTree = "<group>"; };
		08F58B80277A1E7B00F987ED /* LoginCompleteView.swift */ = {isa = PBXFileReference; fileEncoding = 4; lastKnownFileType = sourcecode.swift; path = LoginCompleteView.swift; sourceTree = "<group>"; };
		08F58B85277A1E8600F987ED /* UserManager.swift */ = {isa = PBXFileReference; fileEncoding = 4; lastKnownFileType = sourcecode.swift; path = UserManager.swift; sourceTree = "<group>"; };
		08F58B86277A1E8600F987ED /* RealmManager.swift */ = {isa = PBXFileReference; fileEncoding = 4; lastKnownFileType = sourcecode.swift; path = RealmManager.swift; sourceTree = "<group>"; };
/* End PBXFileReference section */

/* Begin PBXFrameworksBuildPhase section */
		08F58B5E277A1C1000F987ED /* Frameworks */ = {
			isa = PBXFrameworksBuildPhase;
			buildActionMask = 2147483647;
			files = (
				52208FFA292918F5007B1126 /* RealmSwift in Frameworks */,
				52208FF8292918F5007B1126 /* Realm in Frameworks */,
				08CA318127873166004E0A92 /* CosyncJWTSwift in Frameworks */,
			);
			runOnlyForDeploymentPostprocessing = 0;
		};
/* End PBXFrameworksBuildPhase section */

/* Begin PBXGroup section */
		08F58B58277A1C1000F987ED = {
			isa = PBXGroup;
			children = (
				08F58B63277A1C1000F987ED /* CosyncJWTiOS */,
				08F58B62277A1C1000F987ED /* Products */,
			);
			sourceTree = "<group>";
		};
		08F58B62277A1C1000F987ED /* Products */ = {
			isa = PBXGroup;
			children = (
				08F58B61277A1C1000F987ED /* CosyncJWTiOS.app */,
			);
			name = Products;
			sourceTree = "<group>";
		};
		08F58B63277A1C1000F987ED /* CosyncJWTiOS */ = {
			isa = PBXGroup;
			children = (
				08F58B72277A1D3300F987ED /* Extensions */,
				08F58B7B277A1E4900F987ED /* README.md */,
				08F58B79277A1E3400F987ED /* Constants.swift */,
				08F58B7E277A1E7B00F987ED /* LoggedOutView.swift */,
				08F58B7D277A1E7B00F987ED /* LoggedInView.swift */,
				08F58B80277A1E7B00F987ED /* LoginCompleteView.swift */,
				08F58B7F277A1E7B00F987ED /* PasswordView.swift */,
				08F58B77277A1E2200F987ED /* AppState.swift */,
				08F58B86277A1E8600F987ED /* RealmManager.swift */,
				08F58B85277A1E8600F987ED /* UserManager.swift */,
				08F58B64277A1C1000F987ED /* CosyncJWTiOSApp.swift */,
				08F58B66277A1C1000F987ED /* ContentView.swift */,
				08F58B68277A1C1300F987ED /* Assets.xcassets */,
				08F58B6A277A1C1300F987ED /* Preview Content */,
			);
			path = CosyncJWTiOS;
			sourceTree = "<group>";
		};
		08F58B6A277A1C1300F987ED /* Preview Content */ = {
			isa = PBXGroup;
			children = (
				08F58B6B277A1C1300F987ED /* Preview Assets.xcassets */,
			);
			path = "Preview Content";
			sourceTree = "<group>";
		};
		08F58B72277A1D3300F987ED /* Extensions */ = {
			isa = PBXGroup;
			children = (
				08F58B73277A1D6700F987ED /* AlertExtension.swift */,
				08F58B74277A1D6700F987ED /* StringExtension.swift */,
			);
			path = Extensions;
			sourceTree = "<group>";
		};
/* End PBXGroup section */

/* Begin PBXNativeTarget section */
		08F58B60277A1C1000F987ED /* CosyncJWTiOS */ = {
			isa = PBXNativeTarget;
			buildConfigurationList = 08F58B6F277A1C1300F987ED /* Build configuration list for PBXNativeTarget "CosyncJWTiOS" */;
			buildPhases = (
				08F58B5D277A1C1000F987ED /* Sources */,
				08F58B5E277A1C1000F987ED /* Frameworks */,
				08F58B5F277A1C1000F987ED /* Resources */,
			);
			buildRules = (
			);
			dependencies = (
			);
			name = CosyncJWTiOS;
			packageProductDependencies = (
				08CA318027873166004E0A92 /* CosyncJWTSwift */,
				52208FF7292918F5007B1126 /* Realm */,
				52208FF9292918F5007B1126 /* RealmSwift */,
			);
			productName = CosyncJWTiOS;
			productReference = 08F58B61277A1C1000F987ED /* CosyncJWTiOS.app */;
			productType = "com.apple.product-type.application";
		};
/* End PBXNativeTarget section */

/* Begin PBXProject section */
		08F58B59277A1C1000F987ED /* Project object */ = {
			isa = PBXProject;
			attributes = {
				BuildIndependentTargetsInParallel = 1;
				LastSwiftUpdateCheck = 1320;
				LastUpgradeCheck = 1320;
				TargetAttributes = {
					08F58B60277A1C1000F987ED = {
						CreatedOnToolsVersion = 13.2.1;
					};
				};
			};
			buildConfigurationList = 08F58B5C277A1C1000F987ED /* Build configuration list for PBXProject "CosyncJWTiOS" */;
			compatibilityVersion = "Xcode 13.0";
			developmentRegion = en;
			hasScannedForEncodings = 0;
			knownRegions = (
				en,
				Base,
			);
			mainGroup = 08F58B58277A1C1000F987ED;
			packageReferences = (
				08CA317F27873166004E0A92 /* XCRemoteSwiftPackageReference "CosyncJWTSwift" */,
				52208FF6292918F5007B1126 /* XCRemoteSwiftPackageReference "realm-swift" */,
			);
			productRefGroup = 08F58B62277A1C1000F987ED /* Products */;
			projectDirPath = "";
			projectRoot = "";
			targets = (
				08F58B60277A1C1000F987ED /* CosyncJWTiOS */,
			);
		};
/* End PBXProject section */

/* Begin PBXResourcesBuildPhase section */
		08F58B5F277A1C1000F987ED /* Resources */ = {
			isa = PBXResourcesBuildPhase;
			buildActionMask = 2147483647;
			files = (
				08F58B7C277A1E4900F987ED /* README.md in Resources */,
				08F58B6C277A1C1300F987ED /* Preview Assets.xcassets in Resources */,
				08F58B69277A1C1300F987ED /* Assets.xcassets in Resources */,
			);
			runOnlyForDeploymentPostprocessing = 0;
		};
/* End PBXResourcesBuildPhase section */

/* Begin PBXSourcesBuildPhase section */
		08F58B5D277A1C1000F987ED /* Sources */ = {
			isa = PBXSourcesBuildPhase;
			buildActionMask = 2147483647;
			files = (
				08F58B76277A1D6800F987ED /* StringExtension.swift in Sources */,
				08F58B83277A1E7B00F987ED /* PasswordView.swift in Sources */,
				08F58B78277A1E2200F987ED /* AppState.swift in Sources */,
				08F58B81277A1E7B00F987ED /* LoggedInView.swift in Sources */,
				08F58B82277A1E7B00F987ED /* LoggedOutView.swift in Sources */,
				08F58B88277A1E8700F987ED /* RealmManager.swift in Sources */,
				08F58B67277A1C1000F987ED /* ContentView.swift in Sources */,
				08F58B75277A1D6800F987ED /* AlertExtension.swift in Sources */,
				08F58B65277A1C1000F987ED /* CosyncJWTiOSApp.swift in Sources */,
				08F58B7A277A1E3400F987ED /* Constants.swift in Sources */,
				08F58B87277A1E8700F987ED /* UserManager.swift in Sources */,
				08F58B84277A1E7B00F987ED /* LoginCompleteView.swift in Sources */,
			);
			runOnlyForDeploymentPostprocessing = 0;
		};
/* End PBXSourcesBuildPhase section */

/* Begin XCBuildConfiguration section */
		08F58B6D277A1C1300F987ED /* Debug */ = {
			isa = XCBuildConfiguration;
			buildSettings = {
				ALWAYS_SEARCH_USER_PATHS = NO;
				CLANG_ANALYZER_NONNULL = YES;
				CLANG_ANALYZER_NUMBER_OBJECT_CONVERSION = YES_AGGRESSIVE;
				CLANG_CXX_LANGUAGE_STANDARD = "gnu++17";
				CLANG_CXX_LIBRARY = "libc++";
				CLANG_ENABLE_MODULES = YES;
				CLANG_ENABLE_OBJC_ARC = YES;
				CLANG_ENABLE_OBJC_WEAK = YES;
				CLANG_WARN_BLOCK_CAPTURE_AUTORELEASING = YES;
				CLANG_WARN_BOOL_CONVERSION = YES;
				CLANG_WARN_COMMA = YES;
				CLANG_WARN_CONSTANT_CONVERSION = YES;
				CLANG_WARN_DEPRECATED_OBJC_IMPLEMENTATIONS = YES;
				CLANG_WARN_DIRECT_OBJC_ISA_USAGE = YES_ERROR;
				CLANG_WARN_DOCUMENTATION_COMMENTS = YES;
				CLANG_WARN_EMPTY_BODY = YES;
				CLANG_WARN_ENUM_CONVERSION = YES;
				CLANG_WARN_INFINITE_RECURSION = YES;
				CLANG_WARN_INT_CONVERSION = YES;
				CLANG_WARN_NON_LITERAL_NULL_CONVERSION = YES;
				CLANG_WARN_OBJC_IMPLICIT_RETAIN_SELF = YES;
				CLANG_WARN_OBJC_LITERAL_CONVERSION = YES;
				CLANG_WARN_OBJC_ROOT_CLASS = YES_ERROR;
				CLANG_WARN_QUOTED_INCLUDE_IN_FRAMEWORK_HEADER = YES;
				CLANG_WARN_RANGE_LOOP_ANALYSIS = YES;
				CLANG_WARN_STRICT_PROTOTYPES = YES;
				CLANG_WARN_SUSPICIOUS_MOVE = YES;
				CLANG_WARN_UNGUARDED_AVAILABILITY = YES_AGGRESSIVE;
				CLANG_WARN_UNREACHABLE_CODE = YES;
				CLANG_WARN__DUPLICATE_METHOD_MATCH = YES;
				COPY_PHASE_STRIP = NO;
				DEBUG_INFORMATION_FORMAT = dwarf;
				ENABLE_STRICT_OBJC_MSGSEND = YES;
				ENABLE_TESTABILITY = YES;
				GCC_C_LANGUAGE_STANDARD = gnu11;
				GCC_DYNAMIC_NO_PIC = NO;
				GCC_NO_COMMON_BLOCKS = YES;
				GCC_OPTIMIZATION_LEVEL = 0;
				GCC_PREPROCESSOR_DEFINITIONS = (
					"DEBUG=1",
					"$(inherited)",
				);
				GCC_WARN_64_TO_32_BIT_CONVERSION = YES;
				GCC_WARN_ABOUT_RETURN_TYPE = YES_ERROR;
				GCC_WARN_UNDECLARED_SELECTOR = YES;
				GCC_WARN_UNINITIALIZED_AUTOS = YES_AGGRESSIVE;
				GCC_WARN_UNUSED_FUNCTION = YES;
				GCC_WARN_UNUSED_VARIABLE = YES;
				IPHONEOS_DEPLOYMENT_TARGET = 15.2;
				MTL_ENABLE_DEBUG_INFO = INCLUDE_SOURCE;
				MTL_FAST_MATH = YES;
				ONLY_ACTIVE_ARCH = YES;
				SDKROOT = iphoneos;
				SWIFT_ACTIVE_COMPILATION_CONDITIONS = DEBUG;
				SWIFT_OPTIMIZATION_LEVEL = "-Onone";
			};
			name = Debug;
		};
		08F58B6E277A1C1300F987ED /* Release */ = {
			isa = XCBuildConfiguration;
			buildSettings = {
				ALWAYS_SEARCH_USER_PATHS = NO;
				CLANG_ANALYZER_NONNULL = YES;
				CLANG_ANALYZER_NUMBER_OBJECT_CONVERSION = YES_AGGRESSIVE;
				CLANG_CXX_LANGUAGE_STANDARD = "gnu++17";
				CLANG_CXX_LIBRARY = "libc++";
				CLANG_ENABLE_MODULES = YES;
				CLANG_ENABLE_OBJC_ARC = YES;
				CLANG_ENABLE_OBJC_WEAK = YES;
				CLANG_WARN_BLOCK_CAPTURE_AUTORELEASING = YES;
				CLANG_WARN_BOOL_CONVERSION = YES;
				CLANG_WARN_COMMA = YES;
				CLANG_WARN_CONSTANT_CONVERSION = YES;
				CLANG_WARN_DEPRECATED_OBJC_IMPLEMENTATIONS = YES;
				CLANG_WARN_DIRECT_OBJC_ISA_USAGE = YES_ERROR;
				CLANG_WARN_DOCUMENTATION_COMMENTS = YES;
				CLANG_WARN_EMPTY_BODY = YES;
				CLANG_WARN_ENUM_CONVERSION = YES;
				CLANG_WARN_INFINITE_RECURSION = YES;
				CLANG_WARN_INT_CONVERSION = YES;
				CLANG_WARN_NON_LITERAL_NULL_CONVERSION = YES;
				CLANG_WARN_OBJC_IMPLICIT_RETAIN_SELF = YES;
				CLANG_WARN_OBJC_LITERAL_CONVERSION = YES;
				CLANG_WARN_OBJC_ROOT_CLASS = YES_ERROR;
				CLANG_WARN_QUOTED_INCLUDE_IN_FRAMEWORK_HEADER = YES;
				CLANG_WARN_RANGE_LOOP_ANALYSIS = YES;
				CLANG_WARN_STRICT_PROTOTYPES = YES;
				CLANG_WARN_SUSPICIOUS_MOVE = YES;
				CLANG_WARN_UNGUARDED_AVAILABILITY = YES_AGGRESSIVE;
				CLANG_WARN_UNREACHABLE_CODE = YES;
				CLANG_WARN__DUPLICATE_METHOD_MATCH = YES;
				COPY_PHASE_STRIP = NO;
				DEBUG_INFORMATION_FORMAT = "dwarf-with-dsym";
				ENABLE_NS_ASSERTIONS = NO;
				ENABLE_STRICT_OBJC_MSGSEND = YES;
				GCC_C_LANGUAGE_STANDARD = gnu11;
				GCC_NO_COMMON_BLOCKS = YES;
				GCC_WARN_64_TO_32_BIT_CONVERSION = YES;
				GCC_WARN_ABOUT_RETURN_TYPE = YES_ERROR;
				GCC_WARN_UNDECLARED_SELECTOR = YES;
				GCC_WARN_UNINITIALIZED_AUTOS = YES_AGGRESSIVE;
				GCC_WARN_UNUSED_FUNCTION = YES;
				GCC_WARN_UNUSED_VARIABLE = YES;
				IPHONEOS_DEPLOYMENT_TARGET = 15.2;
				MTL_ENABLE_DEBUG_INFO = NO;
				MTL_FAST_MATH = YES;
				SDKROOT = iphoneos;
				SWIFT_COMPILATION_MODE = wholemodule;
				SWIFT_OPTIMIZATION_LEVEL = "-O";
				VALIDATE_PRODUCT = YES;
			};
			name = Release;
		};
		08F58B70277A1C1300F987ED /* Debug */ = {
			isa = XCBuildConfiguration;
			buildSettings = {
				ASSETCATALOG_COMPILER_APPICON_NAME = AppIcon;
				ASSETCATALOG_COMPILER_GLOBAL_ACCENT_COLOR_NAME = AccentColor;
				CODE_SIGN_STYLE = Automatic;
				CURRENT_PROJECT_VERSION = 1;
				DEVELOPMENT_ASSET_PATHS = "\"CosyncJWTiOS/Preview Content\"";
				DEVELOPMENT_TEAM = WQQLK89MX8;
				ENABLE_PREVIEWS = YES;
				GENERATE_INFOPLIST_FILE = YES;
				INFOPLIST_KEY_UIApplicationSceneManifest_Generation = YES;
				INFOPLIST_KEY_UIApplicationSupportsIndirectInputEvents = YES;
				INFOPLIST_KEY_UILaunchScreen_Generation = YES;
				INFOPLIST_KEY_UISupportedInterfaceOrientations_iPad = "UIInterfaceOrientationPortrait UIInterfaceOrientationPortraitUpsideDown UIInterfaceOrientationLandscapeLeft UIInterfaceOrientationLandscapeRight";
				INFOPLIST_KEY_UISupportedInterfaceOrientations_iPhone = "UIInterfaceOrientationPortrait UIInterfaceOrientationLandscapeLeft UIInterfaceOrientationLandscapeRight";
				LD_RUNPATH_SEARCH_PATHS = (
					"$(inherited)",
					"@executable_path/Frameworks",
				);
				MARKETING_VERSION = 1.0;
				PRODUCT_BUNDLE_IDENTIFIER = io.cosync.CosyncJWTiOS;
				PRODUCT_NAME = "$(TARGET_NAME)";
				SWIFT_EMIT_LOC_STRINGS = YES;
				SWIFT_VERSION = 5.0;
				TARGETED_DEVICE_FAMILY = "1,2";
			};
			name = Debug;
		};
		08F58B71277A1C1300F987ED /* Release */ = {
			isa = XCBuildConfiguration;
			buildSettings = {
				ASSETCATALOG_COMPILER_APPICON_NAME = AppIcon;
				ASSETCATALOG_COMPILER_GLOBAL_ACCENT_COLOR_NAME = AccentColor;
				CODE_SIGN_STYLE = Automatic;
				CURRENT_PROJECT_VERSION = 1;
				DEVELOPMENT_ASSET_PATHS = "\"CosyncJWTiOS/Preview Content\"";
				DEVELOPMENT_TEAM = WQQLK89MX8;
				ENABLE_PREVIEWS = YES;
				GENERATE_INFOPLIST_FILE = YES;
				INFOPLIST_KEY_UIApplicationSceneManifest_Generation = YES;
				INFOPLIST_KEY_UIApplicationSupportsIndirectInputEvents = YES;
				INFOPLIST_KEY_UILaunchScreen_Generation = YES;
				INFOPLIST_KEY_UISupportedInterfaceOrientations_iPad = "UIInterfaceOrientationPortrait UIInterfaceOrientationPortraitUpsideDown UIInterfaceOrientationLandscapeLeft UIInterfaceOrientationLandscapeRight";
				INFOPLIST_KEY_UISupportedInterfaceOrientations_iPhone = "UIInterfaceOrientationPortrait UIInterfaceOrientationLandscapeLeft UIInterfaceOrientationLandscapeRight";
				LD_RUNPATH_SEARCH_PATHS = (
					"$(inherited)",
					"@executable_path/Frameworks",
				);
				MARKETING_VERSION = 1.0;
				PRODUCT_BUNDLE_IDENTIFIER = io.cosync.CosyncJWTiOS;
				PRODUCT_NAME = "$(TARGET_NAME)";
				SWIFT_EMIT_LOC_STRINGS = YES;
				SWIFT_VERSION = 5.0;
				TARGETED_DEVICE_FAMILY = "1,2";
			};
			name = Release;
		};
/* End XCBuildConfiguration section */

/* Begin XCConfigurationList section */
		08F58B5C277A1C1000F987ED /* Build configuration list for PBXProject "CosyncJWTiOS" */ = {
			isa = XCConfigurationList;
			buildConfigurations = (
				08F58B6D277A1C1300F987ED /* Debug */,
				08F58B6E277A1C1300F987ED /* Release */,
			);
			defaultConfigurationIsVisible = 0;
			defaultConfigurationName = Release;
		};
		08F58B6F277A1C1300F987ED /* Build configuration list for PBXNativeTarget "CosyncJWTiOS" */ = {
			isa = XCConfigurationList;
			buildConfigurations = (
				08F58B70277A1C1300F987ED /* Debug */,
				08F58B71277A1C1300F987ED /* Release */,
			);
			defaultConfigurationIsVisible = 0;
			defaultConfigurationName = Release;
		};
/* End XCConfigurationList section */

/* Begin XCRemoteSwiftPackageReference section */
		08CA317F27873166004E0A92 /* XCRemoteSwiftPackageReference "CosyncJWTSwift" */ = {
			isa = XCRemoteSwiftPackageReference;
			repositoryURL = "https://github.com/Cosync/CosyncJWTSwift.git";
			requirement = {
				kind = upToNextMajorVersion;
				minimumVersion = 1.1.4;
			};
		};
		52208FF6292918F5007B1126 /* XCRemoteSwiftPackageReference "realm-swift" */ = {
			isa = XCRemoteSwiftPackageReference;
			repositoryURL = "https://github.com/realm/realm-swift.git";
			requirement = {
				kind = upToNextMajorVersion;
				minimumVersion = 10.32.3;
			};
		};
/* End XCRemoteSwiftPackageReference section */

/* Begin XCSwiftPackageProductDependency section */
		08CA318027873166004E0A92 /* CosyncJWTSwift */ = {
			isa = XCSwiftPackageProductDependency;
			package = 08CA317F27873166004E0A92 /* XCRemoteSwiftPackageReference "CosyncJWTSwift" */;
			productName = CosyncJWTSwift;
		};
		52208FF7292918F5007B1126 /* Realm */ = {
			isa = XCSwiftPackageProductDependency;
			package = 52208FF6292918F5007B1126 /* XCRemoteSwiftPackageReference "realm-swift" */;
			productName = Realm;
		};
		52208FF9292918F5007B1126 /* RealmSwift */ = {
			isa = XCSwiftPackageProductDependency;
			package = 52208FF6292918F5007B1126 /* XCRemoteSwiftPackageReference "realm-swift" */;
			productName = RealmSwift;
		};
/* End XCSwiftPackageProductDependency section */
	};
	rootObject = 08F58B59277A1C1000F987ED /* Project object */;
}
