{
  "object": {
    "pins": [
      {
        "package": "CosyncJWTSwift",
        "repositoryURL": "https://github.com/Cosync/CosyncJWTSwift.git",
        "state": {
          "branch": null,
          "revision": "4d8ef845cb4e8273a647a69cad0c1ce67e817f88",
          "version": "1.1.0"
        }
      },
      {
        "package": "Realm",
        "repositoryURL": "https://github.com/realm/realm-cocoa.git",
        "state": {
          "branch": "master",
          "revision": "8231964fc062eac51bc4c4957706deee18e51e54",
          "version": null
        }
      },
      {
        "package": "RealmDatabase",
        "repositoryURL": "https://github.com/realm/realm-core",
        "state": {
          "branch": null,
          "revision": "c3c11a841642ac93c27bd1edd61f989fc0bfb809",
          "version": "11.6.1"
        }
      }
    ]
  },
  "version": 1
}
