{
  "pins" : [
    {
      "identity" : "cosyncjwtswift",
      "kind" : "remoteSourceControl",
      "location" : "https://github.com/Cosync/CosyncJWTSwift.git",
      "state" : {
        "revision" : "10e2606ecbfe1b1f8571760b508fd54f114121dc",
        "version" : "1.1.18"
      }
    },
    {
      "identity" : "realm-core",
      "kind" : "remoteSourceControl",
      "location" : "https://github.com/realm/realm-core.git",
      "state" : {
        "revision" : "c04f5e401a1ec682e6b08b1ee157e19a0f834a5f",
        "version" : "13.17.1"
      }
    },
    {
      "identity" : "realm-swift",
      "kind" : "remoteSourceControl",
      "location" : "https://github.com/realm/realm-swift.git",
      "state" : {
        "revision" : "933abaa8076966e237e66497def74df84c6adbb4",
        "version" : "10.42.0"
      }
    }
  ],
  "version" : 2
}
