{
  "pins" : [
    {
      "identity" : "cosyncjwtswift",
      "kind" : "remoteSourceControl",
      "location" : "https://github.com/Cosync/CosyncJWTSwift.git",
      "state" : {
        "revision" : "3f0a6cac824f8ae775dca52ca5575f6137156524",
        "version" : "1.1.5"
      }
    },
    {
      "identity" : "realm-core",
      "kind" : "remoteSourceControl",
      "location" : "https://github.com/realm/realm-core",
      "state" : {
        "revision" : "3c4b86da569368c4ee5ccca2a112d511cc6fa936",
        "version" : "12.11.0"
      }
    },
    {
      "identity" : "realm-swift",
      "kind" : "remoteSourceControl",
      "location" : "https://github.com/realm/realm-swift.git",
      "state" : {
        "revision" : "72a0dd9dc0ec1bab417155471191ef68e1bb0eaf",
        "version" : "10.32.3"
      }
    }
  ],
  "version" : 2
}
